
Microsoft Visual Studio Solution File, Format Version 10.00
# Visual Studio 2008
Project("{8BC9CEB8-8B4A-11D0-8D11-00A0C91BC942}") = "EquipLookfor", "EquipLookfor.vcproj", "{CAB5BD5D-7C08-43D8-9130-4D2E6D9566F2}"
EndProject
Global
	GlobalSection(SolutionConfigurationPlatforms) = preSolution
		Debug|Win32 = Debug|Win32
		Release|Win32 = Release|Win32
	EndGlobalSection
	GlobalSection(ProjectConfigurationPlatforms) = postSolution
		{CAB5BD5D-7C08-43D8-9130-4D2E6D9566F2}.Debug|Win32.ActiveCfg = Debug|Win32
		{CAB5BD5D-7C08-43D8-9130-4D2E6D9566F2}.Debug|Win32.Build.0 = Debug|Win32
		{CAB5BD5D-7C08-43D8-9130-4D2E6D9566F2}.Release|Win32.ActiveCfg = Release|Win32
		{CAB5BD5D-7C08-43D8-9130-4D2E6D9566F2}.Release|Win32.Build.0 = Release|Win32
	EndGlobalSection
	GlobalSection(SolutionProperties) = preSolution
		HideSolutionNode = FALSE
	EndGlobalSection
EndGlobal
